# This file is generated by running "yarn install" inside your project.
# Manual changes might be lost - proceed with caution!

__metadata:
  version: 6
  cacheKey: 8

"@hapi/bourne@npm:^2.0.0":
  version: 2.0.0
  resolution: "@hapi/bourne@npm:2.0.0"
  checksum: 2ea0922101d3fecec43428194c72c5dbe0be908dd7ad07347879dc720820ac410ead79a4c349a2e1726e8af062464160c6d32b6566bbc4c60865923f9d7dd006
  languageName: node
  linkType: hard

"@microex/body-parser@workspace:body-parser":
  version: 0.0.0-use.local
  resolution: "@microex/body-parser@workspace:body-parser"
  dependencies:
    "@hapi/bourne": ^2.0.0
    "@types/node": ^17.0.22
    bytes: ^3.1.2
    content-type: ^1.0.4
    http-errors: 1.8.1
    iconv-lite: ^0.6.3
    on-finished: ^2.4.1
    raw-body: 2.4.2
    unpipe: ^1.0.0
  languageName: unknown
  linkType: soft

"@microex/finalhandler@workspace:finalhandler":
  version: 0.0.0-use.local
  resolution: "@microex/finalhandler@workspace:finalhandler"
  dependencies:
    "@types/node": ^17.0.22
    debug: ^4.3.4
    on-finished: ^2.4.1
    statuses: ^2.0.1
    unpipe: ^1.0.0
  languageName: unknown
  linkType: soft

"@microex/monorepo@workspace:.":
  version: 0.0.0-use.local
  resolution: "@microex/monorepo@workspace:."
  dependencies:
    "@types/node": ^17.0.22
    prettier: ^2.6.0
    typescript: ^4.6.2
  languageName: unknown
  linkType: soft

"@types/node@npm:^17.0.22":
  version: 17.0.22
  resolution: "@types/node@npm:17.0.22"
  checksum: 72d1fc8bdc37f0c18b1160e7207b52fb569d0e2b459ac9a4cbd3ca40e478ffe1455efc2c6a253c81e0a7a7c7a899716535d9970cd9521f87d6050b7de04b9ba3
  languageName: node
  linkType: hard

"bytes@npm:3.1.1":
  version: 3.1.1
  resolution: "bytes@npm:3.1.1"
  checksum: 949ab99a385d6acf4d2c69f1afc618615dc905936e0b0b9aa94a9e94d722baaba44d6a0851536585a0892ae4d462b5a270ccb1b04c774640742cbde5538ca328
  languageName: node
  linkType: hard

"bytes@npm:^3.1.2":
  version: 3.1.2
  resolution: "bytes@npm:3.1.2"
  checksum: e4bcd3948d289c5127591fbedf10c0b639ccbf00243504e4e127374a15c3bc8eed0d28d4aaab08ff6f1cf2abc0cce6ba3085ed32f4f90e82a5683ce0014e1b6e
  languageName: node
  linkType: hard

"content-type@npm:^1.0.4":
  version: 1.0.4
  resolution: "content-type@npm:1.0.4"
  checksum: 3d93585fda985d1554eca5ebd251994327608d2e200978fdbfba21c0c679914d5faf266d17027de44b34a72c7b0745b18584ecccaa7e1fdfb6a68ac7114f12e0
  languageName: node
  linkType: hard

"debug@npm:^4.3.4":
  version: 4.3.4
  resolution: "debug@npm:4.3.4"
  dependencies:
    ms: 2.1.2
  peerDependenciesMeta:
    supports-color:
      optional: true
  checksum: 3dbad3f94ea64f34431a9cbf0bafb61853eda57bff2880036153438f50fb5a84f27683ba0d8e5426bf41a8c6ff03879488120cf5b3a761e77953169c0600a708
  languageName: node
  linkType: hard

"depd@npm:~1.1.2":
  version: 1.1.2
  resolution: "depd@npm:1.1.2"
  checksum: 6b406620d269619852885ce15965272b829df6f409724415e0002c8632ab6a8c0a08ec1f0bd2add05dc7bd7507606f7e2cc034fa24224ab829580040b835ecd9
  languageName: node
  linkType: hard

"ee-first@npm:1.1.1":
  version: 1.1.1
  resolution: "ee-first@npm:1.1.1"
  checksum: 1b4cac778d64ce3b582a7e26b218afe07e207a0f9bfe13cc7395a6d307849cfe361e65033c3251e00c27dd060cab43014c2d6b2647676135e18b77d2d05b3f4f
  languageName: node
  linkType: hard

"http-errors@npm:1.8.1":
  version: 1.8.1
  resolution: "http-errors@npm:1.8.1"
  dependencies:
    depd: ~1.1.2
    inherits: 2.0.4
    setprototypeof: 1.2.0
    statuses: ">= 1.5.0 < 2"
    toidentifier: 1.0.1
  checksum: d3c7e7e776fd51c0a812baff570bdf06fe49a5dc448b700ab6171b1250e4cf7db8b8f4c0b133e4bfe2451022a5790c1ca6c2cae4094dedd6ac8304a1267f91d2
  languageName: node
  linkType: hard

"iconv-lite@npm:0.4.24":
  version: 0.4.24
  resolution: "iconv-lite@npm:0.4.24"
  dependencies:
    safer-buffer: ">= 2.1.2 < 3"
  checksum: bd9f120f5a5b306f0bc0b9ae1edeb1577161503f5f8252a20f1a9e56ef8775c9959fd01c55f2d3a39d9a8abaf3e30c1abeb1895f367dcbbe0a8fd1c9ca01c4f6
  languageName: node
  linkType: hard

"iconv-lite@npm:^0.6.3":
  version: 0.6.3
  resolution: "iconv-lite@npm:0.6.3"
  dependencies:
    safer-buffer: ">= 2.1.2 < 3.0.0"
  checksum: 3f60d47a5c8fc3313317edfd29a00a692cc87a19cac0159e2ce711d0ebc9019064108323b5e493625e25594f11c6236647d8e256fbe7a58f4a3b33b89e6d30bf
  languageName: node
  linkType: hard

"inherits@npm:2.0.4":
  version: 2.0.4
  resolution: "inherits@npm:2.0.4"
  checksum: 4a48a733847879d6cf6691860a6b1e3f0f4754176e4d71494c41f3475553768b10f84b5ce1d40fbd0e34e6bfbb864ee35858ad4dd2cf31e02fc4a154b724d7f1
  languageName: node
  linkType: hard

"ms@npm:2.1.2":
  version: 2.1.2
  resolution: "ms@npm:2.1.2"
  checksum: 673cdb2c3133eb050c745908d8ce632ed2c02d85640e2edb3ace856a2266a813b30c613569bf3354fdf4ea7d1a1494add3bfa95e2713baa27d0c2c71fc44f58f
  languageName: node
  linkType: hard

"on-finished@npm:^2.4.1":
  version: 2.4.1
  resolution: "on-finished@npm:2.4.1"
  dependencies:
    ee-first: 1.1.1
  checksum: d20929a25e7f0bb62f937a425b5edeb4e4cde0540d77ba146ec9357f00b0d497cdb3b9b05b9c8e46222407d1548d08166bff69cc56dfa55ba0e4469228920ff0
  languageName: node
  linkType: hard

"prettier@npm:^2.6.0":
  version: 2.6.0
  resolution: "prettier@npm:2.6.0"
  bin:
    prettier: bin-prettier.js
  checksum: 3e527ad62279676778a8404d18174d7ca2365ada4caba6eebbcdd9907d1187afd3bc6ade5b4e5f5d4549bb9fb71e45ca8930d71500017635524f8fc05bc52e93
  languageName: node
  linkType: hard

"raw-body@npm:2.4.2":
  version: 2.4.2
  resolution: "raw-body@npm:2.4.2"
  dependencies:
    bytes: 3.1.1
    http-errors: 1.8.1
    iconv-lite: 0.4.24
    unpipe: 1.0.0
  checksum: c6f8d6a75c65c0a047f888cb29efc97f60fb36e950ba2cb31fefce694f98186e844a03367920faa7dc5bffaf33df08aee0b9dd935280e366439fa6492a5b163e
  languageName: node
  linkType: hard

"safer-buffer@npm:>= 2.1.2 < 3, safer-buffer@npm:>= 2.1.2 < 3.0.0":
  version: 2.1.2
  resolution: "safer-buffer@npm:2.1.2"
  checksum: cab8f25ae6f1434abee8d80023d7e72b598cf1327164ddab31003c51215526801e40b66c5e65d658a0af1e9d6478cadcb4c745f4bd6751f97d8644786c0978b0
  languageName: node
  linkType: hard

"setprototypeof@npm:1.2.0":
  version: 1.2.0
  resolution: "setprototypeof@npm:1.2.0"
  checksum: be18cbbf70e7d8097c97f713a2e76edf84e87299b40d085c6bf8b65314e994cc15e2e317727342fa6996e38e1f52c59720b53fe621e2eb593a6847bf0356db89
  languageName: node
  linkType: hard

"statuses@npm:>= 1.5.0 < 2":
  version: 1.5.0
  resolution: "statuses@npm:1.5.0"
  checksum: c469b9519de16a4bb19600205cffb39ee471a5f17b82589757ca7bd40a8d92ebb6ed9f98b5a540c5d302ccbc78f15dc03cc0280dd6e00df1335568a5d5758a5c
  languageName: node
  linkType: hard

"statuses@npm:^2.0.1":
  version: 2.0.1
  resolution: "statuses@npm:2.0.1"
  checksum: 18c7623fdb8f646fb213ca4051be4df7efb3484d4ab662937ca6fbef7ced9b9e12842709872eb3020cc3504b93bde88935c9f6417489627a7786f24f8031cbcb
  languageName: node
  linkType: hard

"toidentifier@npm:1.0.1":
  version: 1.0.1
  resolution: "toidentifier@npm:1.0.1"
  checksum: 952c29e2a85d7123239b5cfdd889a0dde47ab0497f0913d70588f19c53f7e0b5327c95f4651e413c74b785147f9637b17410ac8c846d5d4a20a5a33eb6dc3a45
  languageName: node
  linkType: hard

"typescript@npm:^4.6.2":
  version: 4.6.2
  resolution: "typescript@npm:4.6.2"
  bin:
    tsc: bin/tsc
    tsserver: bin/tsserver
  checksum: 8a44ed7e6f6c4cb1ebe8cf236ecda2fb119d84dcf0fbd77e707b2dfea1bbcfc4e366493a143513ce7f57203c75da9d4e20af6fe46de89749366351046be7577c
  languageName: node
  linkType: hard

"typescript@patch:typescript@^4.6.2#~builtin<compat/typescript>":
  version: 4.6.2
  resolution: "typescript@patch:typescript@npm%3A4.6.2#~builtin<compat/typescript>::version=4.6.2&hash=bda367"
  bin:
    tsc: bin/tsc
    tsserver: bin/tsserver
  checksum: 40b493a71747fb89fa70df104e2c4a5e284b43750af5bea024090a5261cefa387f7a9372411b13030f7bf5555cee4275443d08805642ae5c74ef76740854a4c7
  languageName: node
  linkType: hard

"unpipe@npm:1.0.0, unpipe@npm:^1.0.0":
  version: 1.0.0
  resolution: "unpipe@npm:1.0.0"
  checksum: 4fa18d8d8d977c55cb09715385c203197105e10a6d220087ec819f50cb68870f02942244f1017565484237f1f8c5d3cd413631b1ae104d3096f24fdfde1b4aa2
  languageName: node
  linkType: hard
